
Microsoft Visual Studio Solution File, Format Version 12.00
# Visual Studio Version 16
VisualStudioVersion = 16.0.32228.343
MinimumVisualStudioVersion = 10.0.40219.1
Project("{2150E333-8FDC-42A3-9474-1A3956D46DE8}") = "Sample", "Sample", "{349E4449-C410-4628-AF12-43CEE94F7038}"
EndProject
Project("{FAE04EC0-301F-11D3-BF4B-00C04F79EFBC}") = "ConsoleApp0411", "Sample\ConsoleApp0411\ConsoleApp0411.csproj", "{36E29D2D-9235-48B1-8BB0-B2626F7FCB25}"
EndProject
Project("{FAE04EC0-301F-11D3-BF4B-00C04F79EFBC}") = "WindowsFormsApp1", "Sample\WindowsFormsApp1\WindowsFormsApp1.csproj", "{6A8F2D74-3777-44D8-B6EF-9262321DB0FB}"
EndProject
Global
	GlobalSection(SolutionConfigurationPlatforms) = preSolution
		Debug|Any CPU = Debug|Any CPU
		Release|Any CPU = Release|Any CPU
	EndGlobalSection
	GlobalSection(ProjectConfigurationPlatforms) = postSolution
		{36E29D2D-9235-48B1-8BB0-B2626F7FCB25}.Debug|Any CPU.ActiveCfg = Debug|Any CPU
		{36E29D2D-9235-48B1-8BB0-B2626F7FCB25}.Debug|Any CPU.Build.0 = Debug|Any CPU
		{36E29D2D-9235-48B1-8BB0-B2626F7FCB25}.Release|Any CPU.ActiveCfg = Release|Any CPU
		{36E29D2D-9235-48B1-8BB0-B2626F7FCB25}.Release|Any CPU.Build.0 = Release|Any CPU
		{6A8F2D74-3777-44D8-B6EF-9262321DB0FB}.Debug|Any CPU.ActiveCfg = Debug|Any CPU
		{6A8F2D74-3777-44D8-B6EF-9262321DB0FB}.Debug|Any CPU.Build.0 = Debug|Any CPU
		{6A8F2D74-3777-44D8-B6EF-9262321DB0FB}.Release|Any CPU.ActiveCfg = Release|Any CPU
		{6A8F2D74-3777-44D8-B6EF-9262321DB0FB}.Release|Any CPU.Build.0 = Release|Any CPU
	EndGlobalSection
	GlobalSection(SolutionProperties) = preSolution
		HideSolutionNode = FALSE
	EndGlobalSection
	GlobalSection(NestedProjects) = preSolution
		{36E29D2D-9235-48B1-8BB0-B2626F7FCB25} = {349E4449-C410-4628-AF12-43CEE94F7038}
		{6A8F2D74-3777-44D8-B6EF-9262321DB0FB} = {349E4449-C410-4628-AF12-43CEE94F7038}
	EndGlobalSection
	GlobalSection(ExtensibilityGlobals) = postSolution
		SolutionGuid = {30B90AE6-9A07-4866-977C-7584A6513FD6}
	EndGlobalSection
EndGlobal
