
Microsoft Visual Studio Solution File, Format Version 12.00
# Visual Studio Version 16
VisualStudioVersion = 16.0.32228.343
MinimumVisualStudioVersion = 10.0.40219.1
Project("{2150E333-8FDC-42A3-9474-1A3956D46DE8}") = "Sample", "Sample", "{349E4449-C410-4628-AF12-43CEE94F7038}"
EndProject
Project("{FAE04EC0-301F-11D3-BF4B-00C04F79EFBC}") = "ConsoleApp0411", "Sample\ConsoleApp0411\ConsoleApp0411.csproj", "{36E29D2D-9235-48B1-8BB0-B2626F7FCB25}"
EndProject
Project("{FAE04EC0-301F-11D3-BF4B-00C04F79EFBC}") = "WindowsFormsApp1", "Sample\WindowsFormsApp1\WindowsFormsApp1.csproj", "{6A8F2D74-3777-44D8-B6EF-9262321DB0FB}"
EndProject
Project("{FAE04EC0-301F-11D3-BF4B-00C04F79EFBC}") = "BallApp", "Sample\BallApp\BallApp.csproj", "{C2DCE392-E873-4522-A1D9-86EBC85D0577}"
EndProject
Project("{2150E333-8FDC-42A3-9474-1A3956D46DE8}") = "Chapter01", "Chapter01", "{D7E92B81-824B-4F10-A9F1-9BED0C258E39}"
EndProject
Project("{FAE04EC0-301F-11D3-BF4B-00C04F79EFBC}") = "ProductSample", "Chapter01\Product\ProductSample.csproj", "{353FB261-F422-4C74-A5B1-478726F1A646}"
EndProject
Project("{2150E333-8FDC-42A3-9474-1A3956D46DE8}") = "Charpter02", "Charpter02", "{04F35A65-258D-49C8-9C5F-FF9DB499C38D}"
EndProject
Project("{2150E333-8FDC-42A3-9474-1A3956D46DE8}") = "距離換算プログラム", "距離換算プログラム", "{CBAB4854-2CBD-4EEB-821D-5371592B930C}"
EndProject
Project("{FAE04EC0-301F-11D3-BF4B-00C04F79EFBC}") = "DistanceConveter", "Chapter02\距離換算プログラム\DistanceConveter\DistanceConveter.csproj", "{749768C1-3418-4A9C-B66C-6A1EDF2037B6}"
EndProject
Project("{2150E333-8FDC-42A3-9474-1A3956D46DE8}") = "売上集計プログラム", "売上集計プログラム", "{48BE3379-A992-47C4-903D-BD5547F9CB69}"
EndProject
Project("{FAE04EC0-301F-11D3-BF4B-00C04F79EFBC}") = "SalesCalculator", "Chapter02\売上集計プログラム\SalesCalculator\SalesCalculator.csproj", "{7598A78C-7A40-4005-B5AD-2E276FEC51BF}"
EndProject
Project("{2150E333-8FDC-42A3-9474-1A3956D46DE8}") = "演習問題", "演習問題", "{724B5100-FEFD-4CD4-BC97-87D876A0048D}"
EndProject
Project("{FAE04EC0-301F-11D3-BF4B-00C04F79EFBC}") = "Exercise01", "Chapter02\演習問題\Exercise01\Exercise01.csproj", "{DEC30323-2DE1-44AA-98F4-3FF3A04FA098}"
EndProject
Project("{FAE04EC0-301F-11D3-BF4B-00C04F79EFBC}") = "Exercise02", "Chapter02\演習問題\Exercise02\Exercise02.csproj", "{0E519524-96BB-492A-A6D2-C79E05415B41}"
EndProject
Global
	GlobalSection(SolutionConfigurationPlatforms) = preSolution
		Debug|Any CPU = Debug|Any CPU
		Release|Any CPU = Release|Any CPU
	EndGlobalSection
	GlobalSection(ProjectConfigurationPlatforms) = postSolution
		{36E29D2D-9235-48B1-8BB0-B2626F7FCB25}.Debug|Any CPU.ActiveCfg = Debug|Any CPU
		{36E29D2D-9235-48B1-8BB0-B2626F7FCB25}.Debug|Any CPU.Build.0 = Debug|Any CPU
		{36E29D2D-9235-48B1-8BB0-B2626F7FCB25}.Release|Any CPU.ActiveCfg = Release|Any CPU
		{36E29D2D-9235-48B1-8BB0-B2626F7FCB25}.Release|Any CPU.Build.0 = Release|Any CPU
		{6A8F2D74-3777-44D8-B6EF-9262321DB0FB}.Debug|Any CPU.ActiveCfg = Debug|Any CPU
		{6A8F2D74-3777-44D8-B6EF-9262321DB0FB}.Debug|Any CPU.Build.0 = Debug|Any CPU
		{6A8F2D74-3777-44D8-B6EF-9262321DB0FB}.Release|Any CPU.ActiveCfg = Release|Any CPU
		{6A8F2D74-3777-44D8-B6EF-9262321DB0FB}.Release|Any CPU.Build.0 = Release|Any CPU
		{C2DCE392-E873-4522-A1D9-86EBC85D0577}.Debug|Any CPU.ActiveCfg = Debug|Any CPU
		{C2DCE392-E873-4522-A1D9-86EBC85D0577}.Debug|Any CPU.Build.0 = Debug|Any CPU
		{C2DCE392-E873-4522-A1D9-86EBC85D0577}.Release|Any CPU.ActiveCfg = Release|Any CPU
		{C2DCE392-E873-4522-A1D9-86EBC85D0577}.Release|Any CPU.Build.0 = Release|Any CPU
		{353FB261-F422-4C74-A5B1-478726F1A646}.Debug|Any CPU.ActiveCfg = Debug|Any CPU
		{353FB261-F422-4C74-A5B1-478726F1A646}.Debug|Any CPU.Build.0 = Debug|Any CPU
		{353FB261-F422-4C74-A5B1-478726F1A646}.Release|Any CPU.ActiveCfg = Release|Any CPU
		{353FB261-F422-4C74-A5B1-478726F1A646}.Release|Any CPU.Build.0 = Release|Any CPU
		{749768C1-3418-4A9C-B66C-6A1EDF2037B6}.Debug|Any CPU.ActiveCfg = Debug|Any CPU
		{749768C1-3418-4A9C-B66C-6A1EDF2037B6}.Debug|Any CPU.Build.0 = Debug|Any CPU
		{749768C1-3418-4A9C-B66C-6A1EDF2037B6}.Release|Any CPU.ActiveCfg = Release|Any CPU
		{749768C1-3418-4A9C-B66C-6A1EDF2037B6}.Release|Any CPU.Build.0 = Release|Any CPU
		{7598A78C-7A40-4005-B5AD-2E276FEC51BF}.Debug|Any CPU.ActiveCfg = Debug|Any CPU
		{7598A78C-7A40-4005-B5AD-2E276FEC51BF}.Debug|Any CPU.Build.0 = Debug|Any CPU
		{7598A78C-7A40-4005-B5AD-2E276FEC51BF}.Release|Any CPU.ActiveCfg = Release|Any CPU
		{7598A78C-7A40-4005-B5AD-2E276FEC51BF}.Release|Any CPU.Build.0 = Release|Any CPU
		{DEC30323-2DE1-44AA-98F4-3FF3A04FA098}.Debug|Any CPU.ActiveCfg = Debug|Any CPU
		{DEC30323-2DE1-44AA-98F4-3FF3A04FA098}.Debug|Any CPU.Build.0 = Debug|Any CPU
		{DEC30323-2DE1-44AA-98F4-3FF3A04FA098}.Release|Any CPU.ActiveCfg = Release|Any CPU
		{DEC30323-2DE1-44AA-98F4-3FF3A04FA098}.Release|Any CPU.Build.0 = Release|Any CPU
		{0E519524-96BB-492A-A6D2-C79E05415B41}.Debug|Any CPU.ActiveCfg = Debug|Any CPU
		{0E519524-96BB-492A-A6D2-C79E05415B41}.Debug|Any CPU.Build.0 = Debug|Any CPU
		{0E519524-96BB-492A-A6D2-C79E05415B41}.Release|Any CPU.ActiveCfg = Release|Any CPU
		{0E519524-96BB-492A-A6D2-C79E05415B41}.Release|Any CPU.Build.0 = Release|Any CPU
	EndGlobalSection
	GlobalSection(SolutionProperties) = preSolution
		HideSolutionNode = FALSE
	EndGlobalSection
	GlobalSection(NestedProjects) = preSolution
		{36E29D2D-9235-48B1-8BB0-B2626F7FCB25} = {349E4449-C410-4628-AF12-43CEE94F7038}
		{6A8F2D74-3777-44D8-B6EF-9262321DB0FB} = {349E4449-C410-4628-AF12-43CEE94F7038}
		{C2DCE392-E873-4522-A1D9-86EBC85D0577} = {349E4449-C410-4628-AF12-43CEE94F7038}
		{353FB261-F422-4C74-A5B1-478726F1A646} = {D7E92B81-824B-4F10-A9F1-9BED0C258E39}
		{CBAB4854-2CBD-4EEB-821D-5371592B930C} = {04F35A65-258D-49C8-9C5F-FF9DB499C38D}
		{749768C1-3418-4A9C-B66C-6A1EDF2037B6} = {CBAB4854-2CBD-4EEB-821D-5371592B930C}
		{48BE3379-A992-47C4-903D-BD5547F9CB69} = {04F35A65-258D-49C8-9C5F-FF9DB499C38D}
		{7598A78C-7A40-4005-B5AD-2E276FEC51BF} = {48BE3379-A992-47C4-903D-BD5547F9CB69}
		{724B5100-FEFD-4CD4-BC97-87D876A0048D} = {04F35A65-258D-49C8-9C5F-FF9DB499C38D}
		{DEC30323-2DE1-44AA-98F4-3FF3A04FA098} = {724B5100-FEFD-4CD4-BC97-87D876A0048D}
		{0E519524-96BB-492A-A6D2-C79E05415B41} = {724B5100-FEFD-4CD4-BC97-87D876A0048D}
	EndGlobalSection
	GlobalSection(ExtensibilityGlobals) = postSolution
		SolutionGuid = {30B90AE6-9A07-4866-977C-7584A6513FD6}
	EndGlobalSection
EndGlobal
