
Microsoft Visual Studio Solution File, Format Version 12.00
# Visual Studio Version 16
VisualStudioVersion = 16.0.32228.343
MinimumVisualStudioVersion = 10.0.40219.1
Project("{2150E333-8FDC-42A3-9474-1A3956D46DE8}") = "Sample", "Sample", "{349E4449-C410-4628-AF12-43CEE94F7038}"
EndProject
Project("{FAE04EC0-301F-11D3-BF4B-00C04F79EFBC}") = "ConsoleApp0411", "Sample\ConsoleApp0411\ConsoleApp0411.csproj", "{36E29D2D-9235-48B1-8BB0-B2626F7FCB25}"
EndProject
Project("{FAE04EC0-301F-11D3-BF4B-00C04F79EFBC}") = "WindowsFormsApp1", "Sample\WindowsFormsApp1\WindowsFormsApp1.csproj", "{6A8F2D74-3777-44D8-B6EF-9262321DB0FB}"
EndProject
Project("{FAE04EC0-301F-11D3-BF4B-00C04F79EFBC}") = "BallApp", "Sample\BallApp\BallApp.csproj", "{C2DCE392-E873-4522-A1D9-86EBC85D0577}"
EndProject
Project("{2150E333-8FDC-42A3-9474-1A3956D46DE8}") = "Chapter01", "Chapter01", "{D7E92B81-824B-4F10-A9F1-9BED0C258E39}"
EndProject
Project("{FAE04EC0-301F-11D3-BF4B-00C04F79EFBC}") = "ProductSample", "Chapter01\Product\ProductSample.csproj", "{353FB261-F422-4C74-A5B1-478726F1A646}"
EndProject
Project("{2150E333-8FDC-42A3-9474-1A3956D46DE8}") = "Chapter02", "Chapter02", "{04F35A65-258D-49C8-9C5F-FF9DB499C38D}"
EndProject
Project("{2150E333-8FDC-42A3-9474-1A3956D46DE8}") = "距離換算プログラム", "距離換算プログラム", "{CBAB4854-2CBD-4EEB-821D-5371592B930C}"
EndProject
Project("{FAE04EC0-301F-11D3-BF4B-00C04F79EFBC}") = "DistanceConveter", "Chapter02\距離換算プログラム\DistanceConveter\DistanceConveter.csproj", "{749768C1-3418-4A9C-B66C-6A1EDF2037B6}"
EndProject
Project("{2150E333-8FDC-42A3-9474-1A3956D46DE8}") = "売上集計プログラム", "売上集計プログラム", "{48BE3379-A992-47C4-903D-BD5547F9CB69}"
EndProject
Project("{FAE04EC0-301F-11D3-BF4B-00C04F79EFBC}") = "SalesCalculator", "Chapter02\売上集計プログラム\SalesCalculator\SalesCalculator.csproj", "{7598A78C-7A40-4005-B5AD-2E276FEC51BF}"
EndProject
Project("{2150E333-8FDC-42A3-9474-1A3956D46DE8}") = "演習問題", "演習問題", "{724B5100-FEFD-4CD4-BC97-87D876A0048D}"
EndProject
Project("{FAE04EC0-301F-11D3-BF4B-00C04F79EFBC}") = "Exercise01", "Chapter02\演習問題\Exercise01\Exercise01.csproj", "{DEC30323-2DE1-44AA-98F4-3FF3A04FA098}"
EndProject
Project("{FAE04EC0-301F-11D3-BF4B-00C04F79EFBC}") = "Exercise02", "Chapter02\演習問題\Exercise02\Exercise02.csproj", "{0E519524-96BB-492A-A6D2-C79E05415B41}"
EndProject
Project("{FAE04EC0-301F-11D3-BF4B-00C04F79EFBC}") = "Exercise03", "Chapter02\演習問題\Exercise03\Exercise03.csproj", "{3ED5E610-74B3-4B4F-9B0C-B7E8146C3738}"
EndProject
Project("{2150E333-8FDC-42A3-9474-1A3956D46DE8}") = "Chapter03", "Chapter03", "{BBA631F1-02E1-4F6C-8853-8D68BA393115}"
EndProject
Project("{FAE04EC0-301F-11D3-BF4B-00C04F79EFBC}") = "Section01", "Chapter03\Section01\Section01.csproj", "{F3E75BA7-75CD-4D96-9609-39FA9174E8BB}"
EndProject
Project("{FAE04EC0-301F-11D3-BF4B-00C04F79EFBC}") = "Section03", "Chapter03\Section03\Section03.csproj", "{4538E8CA-9C4B-4658-A94C-809FC90E8717}"
EndProject
Project("{FAE04EC0-301F-11D3-BF4B-00C04F79EFBC}") = "Section04", "Chapter03\Section04\Section04.csproj", "{D551F69B-548D-4863-845A-7DDD0C2D9372}"
EndProject
Project("{2150E333-8FDC-42A3-9474-1A3956D46DE8}") = "演習問題", "演習問題", "{064BA288-6249-4519-8D4D-B2A6598155A0}"
EndProject
Project("{FAE04EC0-301F-11D3-BF4B-00C04F79EFBC}") = "Exercise01", "Chapter03\演習問題\Exercise01\Exercise01.csproj", "{C6C20520-3FBA-4196-BC3E-DBADC333E146}"
EndProject
Project("{FAE04EC0-301F-11D3-BF4B-00C04F79EFBC}") = "Exercise02", "Chapter03\演習問題\Exercise02\Exercise02.csproj", "{3C658495-C14E-44C0-BAD9-194361097899}"
EndProject
Project("{2150E333-8FDC-42A3-9474-1A3956D46DE8}") = "Chapter04", "Chapter04", "{07DD96E0-75D7-4772-A841-3FA4884ADD26}"
EndProject
Project("{2150E333-8FDC-42A3-9474-1A3956D46DE8}") = "P115 条件演算子・null合体演算子", "P115 条件演算子・null合体演算子", "{161CF517-F980-4547-A7CD-E89CBCB6103D}"
EndProject
Project("{FAE04EC0-301F-11D3-BF4B-00C04F79EFBC}") = "Section04", "Chapter04\条件演算子・null合体演算子\Section04\Section04.csproj", "{A6840C8A-62D9-40DC-A966-37F0E8E0BA69}"
EndProject
Project("{2150E333-8FDC-42A3-9474-1A3956D46DE8}") = "P126 TryParse", "P126 TryParse", "{C69497D4-DCED-4B21-85FF-DFD5334A0861}"
EndProject
Project("{FAE04EC0-301F-11D3-BF4B-00C04F79EFBC}") = "Section07", "Chapter04\TryParse\Section07\Section07.csproj", "{D9A81B82-DE31-4FC2-AD7F-7C7A121D0618}"
EndProject
Project("{2150E333-8FDC-42A3-9474-1A3956D46DE8}") = "演習問題", "演習問題", "{C2D4F5FA-D952-4B88-AEDC-C4DA6FF483DD}"
EndProject
Project("{FAE04EC0-301F-11D3-BF4B-00C04F79EFBC}") = "Exercise01", "Chapter04\演習問題\Exercise01\Exercise01.csproj", "{34A7E5CA-46D4-4AAA-BFE7-F1F4B56407E7}"
EndProject
Project("{FAE04EC0-301F-11D3-BF4B-00C04F79EFBC}") = "Exercise02", "Chapter04\演習問題\Exercise02\Exercise02.csproj", "{9C5E1F92-F3C0-4B1E-A649-873C66E355C3}"
EndProject
Project("{2150E333-8FDC-42A3-9474-1A3956D46DE8}") = "Chapter05", "Chapter05", "{F4823A79-7E73-454A-B538-829620C7E7C2}"
EndProject
Project("{2150E333-8FDC-42A3-9474-1A3956D46DE8}") = "演習問題", "演習問題", "{DC843731-319F-440D-AE20-D3DF9FD999D3}"
EndProject
Project("{FAE04EC0-301F-11D3-BF4B-00C04F79EFBC}") = "Exercise01", "Chapter05\演習問題\Exercise01\Exercise01.csproj", "{B4C9A08D-A018-4B99-9130-8ED3EDE6C995}"
EndProject
Project("{FAE04EC0-301F-11D3-BF4B-00C04F79EFBC}") = "Exercise02", "Chapter05\演習問題\Exercise02\Exercise02\Exercise02.csproj", "{A1C8FACE-4ABD-4483-A9A7-F833B01F02F6}"
EndProject
Project("{FAE04EC0-301F-11D3-BF4B-00C04F79EFBC}") = "Exercise03", "Chapter05\演習問題\Exercise03\Exercise03\Exercise03.csproj", "{28DEE163-A3BC-46A5-A734-98E7C6394546}"
EndProject
Project("{FAE04EC0-301F-11D3-BF4B-00C04F79EFBC}") = "Exercise04", "Chapter05\演習問題\Exercise04\Exercise04\Exercise04.csproj", "{9EFE855A-4975-4501-8FB0-2DE273738011}"
EndProject
Project("{2150E333-8FDC-42A3-9474-1A3956D46DE8}") = "Chapter06", "Chapter06", "{94236A44-35BE-4248-A320-887A79571413}"
EndProject
Project("{FAE04EC0-301F-11D3-BF4B-00C04F79EFBC}") = "Section01", "Chapter06\Section01\Section01.csproj", "{FA8EE438-8B18-42C3-A27A-897FC579C5EA}"
EndProject
Project("{FAE04EC0-301F-11D3-BF4B-00C04F79EFBC}") = "Section02", "Chapter06\Section02\Section02.csproj", "{CB350595-265D-423D-8B17-E5F605788A15}"
EndProject
Project("{2150E333-8FDC-42A3-9474-1A3956D46DE8}") = "演習問題", "演習問題", "{5F3508D4-167A-4F51-87A8-2FB81AF46DD6}"
EndProject
Project("{FAE04EC0-301F-11D3-BF4B-00C04F79EFBC}") = "Exercise01", "Chapter06\演習問題\Exercise01\Exercise01.csproj", "{AA3010A1-0A9B-4E92-BE00-D19A760D1948}"
EndProject
Project("{FAE04EC0-301F-11D3-BF4B-00C04F79EFBC}") = "Exercise02", "Chapter06\演習問題\Exercise02\Exercise02.csproj", "{DE22BA7E-5D93-4BEA-84E9-51B212E09380}"
EndProject
Project("{2150E333-8FDC-42A3-9474-1A3956D46DE8}") = "試験01", "試験01", "{E4DD1BCD-74FE-4544-A6C9-0770ED240075}"
EndProject
Project("{FAE04EC0-301F-11D3-BF4B-00C04F79EFBC}") = "Test01", "TestProject\Test01\Test01.csproj", "{2BFACDC3-F44D-4199-8498-F5C3C4AC0335}"
EndProject
Project("{FAE04EC0-301F-11D3-BF4B-00C04F79EFBC}") = "Test02", "TestProject\Test02\Test02.csproj", "{E461C0A8-8900-485C-B520-E929BA33F712}"
EndProject
Project("{2150E333-8FDC-42A3-9474-1A3956D46DE8}") = "Chapter07", "Chapter07", "{31122D04-48D3-40E7-BE80-CA6E40D15DB6}"
EndProject
Project("{FAE04EC0-301F-11D3-BF4B-00C04F79EFBC}") = "Section01", "Chapter07\Section01\Section01.csproj", "{5BB2ACC8-4C43-43CC-A47F-F0FDB5586461}"
EndProject
Project("{FAE04EC0-301F-11D3-BF4B-00C04F79EFBC}") = "Section02", "Chapter07\Section02\Section02.csproj", "{451FDDD7-F23E-4732-8F16-76D5798D8772}"
EndProject
Project("{FAE04EC0-301F-11D3-BF4B-00C04F79EFBC}") = "Section03", "Chapter07\Section03\Section03.csproj", "{481CC2B7-83E8-4037-BEFF-0EE93EA1A008}"
EndProject
Project("{2150E333-8FDC-42A3-9474-1A3956D46DE8}") = "演習問題", "演習問題", "{FC826237-4980-4110-B4A8-ACF0C3256BD3}"
EndProject
Project("{FAE04EC0-301F-11D3-BF4B-00C04F79EFBC}") = "Exercise01", "Chapter07\演習問題\Exercise01\Exercise01.csproj", "{47FCE103-6211-4E9B-BA39-984A7D263880}"
EndProject
Project("{FAE04EC0-301F-11D3-BF4B-00C04F79EFBC}") = "Exercise02", "Chapter07\演習問題\Exercise02\Exercise02.csproj", "{05419A87-C2F3-497E-BB1F-4D8146B25FA2}"
EndProject
Project("{2150E333-8FDC-42A3-9474-1A3956D46DE8}") = "Chapter08", "Chapter08", "{424A6260-347B-4B1F-9C2D-AE8F74DC69E6}"
EndProject
Project("{2150E333-8FDC-42A3-9474-1A3956D46DE8}") = "演習問題", "演習問題", "{3415D5C6-69CA-463B-B986-2D669013AFBF}"
EndProject
Project("{FAE04EC0-301F-11D3-BF4B-00C04F79EFBC}") = "Exercise01", "Chapter08\演習問題\Exercise01\Exercise01.csproj", "{E31EFA7B-DCBC-4678-89EA-E5CCEAD8599A}"
EndProject
Project("{FAE04EC0-301F-11D3-BF4B-00C04F79EFBC}") = "Exercise02", "Chapter08\演習問題\Exercise02\Exercise02.csproj", "{85180BA6-7ECD-41D0-B2CC-254CD3728765}"
EndProject
Project("{FAE04EC0-301F-11D3-BF4B-00C04F79EFBC}") = "Exercise03", "Chapter08\演習問題\Exercise03\Exercise03.csproj", "{090F96AC-939F-40CC-9ABE-745FC695F15F}"
EndProject
Project("{2150E333-8FDC-42A3-9474-1A3956D46DE8}") = "フォームアプリケーション", "フォームアプリケーション", "{9F5D18A8-C8E3-4084-B112-6B0233C8DFF1}"
EndProject
Project("{FAE04EC0-301F-11D3-BF4B-00C04F79EFBC}") = "CalendarApp", "Chapter08\フォームアプリケーション\CalendarApp\CalendarApp.csproj", "{F5DC095C-136C-4A29-B23D-DA36FD43D04F}"
EndProject
Project("{2150E333-8FDC-42A3-9474-1A3956D46DE8}") = "FormApps", "FormApps", "{B1D874E0-13D7-4AED-A7BC-707452BC3BF1}"
EndProject
Project("{FAE04EC0-301F-11D3-BF4B-00C04F79EFBC}") = "CarReportSystem", "FormApps\CarReportSystem\CarReportSystem.csproj", "{DB37E61D-F3C2-4DBC-BDDB-32141D1F6037}"
EndProject
Project("{FAE04EC0-301F-11D3-BF4B-00C04F79EFBC}") = "Test03", "TestProject\Test03\Test03.csproj", "{04CDD6F6-CABA-4ECE-B792-7CF50B398F8C}"
EndProject
Global
	GlobalSection(SolutionConfigurationPlatforms) = preSolution
		Debug|Any CPU = Debug|Any CPU
		Release|Any CPU = Release|Any CPU
	EndGlobalSection
	GlobalSection(ProjectConfigurationPlatforms) = postSolution
		{36E29D2D-9235-48B1-8BB0-B2626F7FCB25}.Debug|Any CPU.ActiveCfg = Debug|Any CPU
		{36E29D2D-9235-48B1-8BB0-B2626F7FCB25}.Debug|Any CPU.Build.0 = Debug|Any CPU
		{36E29D2D-9235-48B1-8BB0-B2626F7FCB25}.Release|Any CPU.ActiveCfg = Release|Any CPU
		{36E29D2D-9235-48B1-8BB0-B2626F7FCB25}.Release|Any CPU.Build.0 = Release|Any CPU
		{6A8F2D74-3777-44D8-B6EF-9262321DB0FB}.Debug|Any CPU.ActiveCfg = Debug|Any CPU
		{6A8F2D74-3777-44D8-B6EF-9262321DB0FB}.Debug|Any CPU.Build.0 = Debug|Any CPU
		{6A8F2D74-3777-44D8-B6EF-9262321DB0FB}.Release|Any CPU.ActiveCfg = Release|Any CPU
		{6A8F2D74-3777-44D8-B6EF-9262321DB0FB}.Release|Any CPU.Build.0 = Release|Any CPU
		{C2DCE392-E873-4522-A1D9-86EBC85D0577}.Debug|Any CPU.ActiveCfg = Debug|Any CPU
		{C2DCE392-E873-4522-A1D9-86EBC85D0577}.Debug|Any CPU.Build.0 = Debug|Any CPU
		{C2DCE392-E873-4522-A1D9-86EBC85D0577}.Release|Any CPU.ActiveCfg = Release|Any CPU
		{C2DCE392-E873-4522-A1D9-86EBC85D0577}.Release|Any CPU.Build.0 = Release|Any CPU
		{353FB261-F422-4C74-A5B1-478726F1A646}.Debug|Any CPU.ActiveCfg = Debug|Any CPU
		{353FB261-F422-4C74-A5B1-478726F1A646}.Debug|Any CPU.Build.0 = Debug|Any CPU
		{353FB261-F422-4C74-A5B1-478726F1A646}.Release|Any CPU.ActiveCfg = Release|Any CPU
		{353FB261-F422-4C74-A5B1-478726F1A646}.Release|Any CPU.Build.0 = Release|Any CPU
		{749768C1-3418-4A9C-B66C-6A1EDF2037B6}.Debug|Any CPU.ActiveCfg = Debug|Any CPU
		{749768C1-3418-4A9C-B66C-6A1EDF2037B6}.Debug|Any CPU.Build.0 = Debug|Any CPU
		{749768C1-3418-4A9C-B66C-6A1EDF2037B6}.Release|Any CPU.ActiveCfg = Release|Any CPU
		{749768C1-3418-4A9C-B66C-6A1EDF2037B6}.Release|Any CPU.Build.0 = Release|Any CPU
		{7598A78C-7A40-4005-B5AD-2E276FEC51BF}.Debug|Any CPU.ActiveCfg = Debug|Any CPU
		{7598A78C-7A40-4005-B5AD-2E276FEC51BF}.Debug|Any CPU.Build.0 = Debug|Any CPU
		{7598A78C-7A40-4005-B5AD-2E276FEC51BF}.Release|Any CPU.ActiveCfg = Release|Any CPU
		{7598A78C-7A40-4005-B5AD-2E276FEC51BF}.Release|Any CPU.Build.0 = Release|Any CPU
		{DEC30323-2DE1-44AA-98F4-3FF3A04FA098}.Debug|Any CPU.ActiveCfg = Debug|Any CPU
		{DEC30323-2DE1-44AA-98F4-3FF3A04FA098}.Debug|Any CPU.Build.0 = Debug|Any CPU
		{DEC30323-2DE1-44AA-98F4-3FF3A04FA098}.Release|Any CPU.ActiveCfg = Release|Any CPU
		{DEC30323-2DE1-44AA-98F4-3FF3A04FA098}.Release|Any CPU.Build.0 = Release|Any CPU
		{0E519524-96BB-492A-A6D2-C79E05415B41}.Debug|Any CPU.ActiveCfg = Debug|Any CPU
		{0E519524-96BB-492A-A6D2-C79E05415B41}.Debug|Any CPU.Build.0 = Debug|Any CPU
		{0E519524-96BB-492A-A6D2-C79E05415B41}.Release|Any CPU.ActiveCfg = Release|Any CPU
		{0E519524-96BB-492A-A6D2-C79E05415B41}.Release|Any CPU.Build.0 = Release|Any CPU
		{3ED5E610-74B3-4B4F-9B0C-B7E8146C3738}.Debug|Any CPU.ActiveCfg = Debug|Any CPU
		{3ED5E610-74B3-4B4F-9B0C-B7E8146C3738}.Debug|Any CPU.Build.0 = Debug|Any CPU
		{3ED5E610-74B3-4B4F-9B0C-B7E8146C3738}.Release|Any CPU.ActiveCfg = Release|Any CPU
		{3ED5E610-74B3-4B4F-9B0C-B7E8146C3738}.Release|Any CPU.Build.0 = Release|Any CPU
		{F3E75BA7-75CD-4D96-9609-39FA9174E8BB}.Debug|Any CPU.ActiveCfg = Debug|Any CPU
		{F3E75BA7-75CD-4D96-9609-39FA9174E8BB}.Debug|Any CPU.Build.0 = Debug|Any CPU
		{F3E75BA7-75CD-4D96-9609-39FA9174E8BB}.Release|Any CPU.ActiveCfg = Release|Any CPU
		{F3E75BA7-75CD-4D96-9609-39FA9174E8BB}.Release|Any CPU.Build.0 = Release|Any CPU
		{4538E8CA-9C4B-4658-A94C-809FC90E8717}.Debug|Any CPU.ActiveCfg = Debug|Any CPU
		{4538E8CA-9C4B-4658-A94C-809FC90E8717}.Debug|Any CPU.Build.0 = Debug|Any CPU
		{4538E8CA-9C4B-4658-A94C-809FC90E8717}.Release|Any CPU.ActiveCfg = Release|Any CPU
		{4538E8CA-9C4B-4658-A94C-809FC90E8717}.Release|Any CPU.Build.0 = Release|Any CPU
		{D551F69B-548D-4863-845A-7DDD0C2D9372}.Debug|Any CPU.ActiveCfg = Debug|Any CPU
		{D551F69B-548D-4863-845A-7DDD0C2D9372}.Debug|Any CPU.Build.0 = Debug|Any CPU
		{D551F69B-548D-4863-845A-7DDD0C2D9372}.Release|Any CPU.ActiveCfg = Release|Any CPU
		{D551F69B-548D-4863-845A-7DDD0C2D9372}.Release|Any CPU.Build.0 = Release|Any CPU
		{C6C20520-3FBA-4196-BC3E-DBADC333E146}.Debug|Any CPU.ActiveCfg = Debug|Any CPU
		{C6C20520-3FBA-4196-BC3E-DBADC333E146}.Debug|Any CPU.Build.0 = Debug|Any CPU
		{C6C20520-3FBA-4196-BC3E-DBADC333E146}.Release|Any CPU.ActiveCfg = Release|Any CPU
		{C6C20520-3FBA-4196-BC3E-DBADC333E146}.Release|Any CPU.Build.0 = Release|Any CPU
		{3C658495-C14E-44C0-BAD9-194361097899}.Debug|Any CPU.ActiveCfg = Debug|Any CPU
		{3C658495-C14E-44C0-BAD9-194361097899}.Debug|Any CPU.Build.0 = Debug|Any CPU
		{3C658495-C14E-44C0-BAD9-194361097899}.Release|Any CPU.ActiveCfg = Release|Any CPU
		{3C658495-C14E-44C0-BAD9-194361097899}.Release|Any CPU.Build.0 = Release|Any CPU
		{A6840C8A-62D9-40DC-A966-37F0E8E0BA69}.Debug|Any CPU.ActiveCfg = Debug|Any CPU
		{A6840C8A-62D9-40DC-A966-37F0E8E0BA69}.Debug|Any CPU.Build.0 = Debug|Any CPU
		{A6840C8A-62D9-40DC-A966-37F0E8E0BA69}.Release|Any CPU.ActiveCfg = Release|Any CPU
		{A6840C8A-62D9-40DC-A966-37F0E8E0BA69}.Release|Any CPU.Build.0 = Release|Any CPU
		{D9A81B82-DE31-4FC2-AD7F-7C7A121D0618}.Debug|Any CPU.ActiveCfg = Debug|Any CPU
		{D9A81B82-DE31-4FC2-AD7F-7C7A121D0618}.Debug|Any CPU.Build.0 = Debug|Any CPU
		{D9A81B82-DE31-4FC2-AD7F-7C7A121D0618}.Release|Any CPU.ActiveCfg = Release|Any CPU
		{D9A81B82-DE31-4FC2-AD7F-7C7A121D0618}.Release|Any CPU.Build.0 = Release|Any CPU
		{34A7E5CA-46D4-4AAA-BFE7-F1F4B56407E7}.Debug|Any CPU.ActiveCfg = Debug|Any CPU
		{34A7E5CA-46D4-4AAA-BFE7-F1F4B56407E7}.Debug|Any CPU.Build.0 = Debug|Any CPU
		{34A7E5CA-46D4-4AAA-BFE7-F1F4B56407E7}.Release|Any CPU.ActiveCfg = Release|Any CPU
		{34A7E5CA-46D4-4AAA-BFE7-F1F4B56407E7}.Release|Any CPU.Build.0 = Release|Any CPU
		{9C5E1F92-F3C0-4B1E-A649-873C66E355C3}.Debug|Any CPU.ActiveCfg = Debug|Any CPU
		{9C5E1F92-F3C0-4B1E-A649-873C66E355C3}.Debug|Any CPU.Build.0 = Debug|Any CPU
		{9C5E1F92-F3C0-4B1E-A649-873C66E355C3}.Release|Any CPU.ActiveCfg = Release|Any CPU
		{9C5E1F92-F3C0-4B1E-A649-873C66E355C3}.Release|Any CPU.Build.0 = Release|Any CPU
		{B4C9A08D-A018-4B99-9130-8ED3EDE6C995}.Debug|Any CPU.ActiveCfg = Debug|Any CPU
		{B4C9A08D-A018-4B99-9130-8ED3EDE6C995}.Debug|Any CPU.Build.0 = Debug|Any CPU
		{B4C9A08D-A018-4B99-9130-8ED3EDE6C995}.Release|Any CPU.ActiveCfg = Release|Any CPU
		{B4C9A08D-A018-4B99-9130-8ED3EDE6C995}.Release|Any CPU.Build.0 = Release|Any CPU
		{A1C8FACE-4ABD-4483-A9A7-F833B01F02F6}.Debug|Any CPU.ActiveCfg = Debug|Any CPU
		{A1C8FACE-4ABD-4483-A9A7-F833B01F02F6}.Debug|Any CPU.Build.0 = Debug|Any CPU
		{A1C8FACE-4ABD-4483-A9A7-F833B01F02F6}.Release|Any CPU.ActiveCfg = Release|Any CPU
		{A1C8FACE-4ABD-4483-A9A7-F833B01F02F6}.Release|Any CPU.Build.0 = Release|Any CPU
		{28DEE163-A3BC-46A5-A734-98E7C6394546}.Debug|Any CPU.ActiveCfg = Debug|Any CPU
		{28DEE163-A3BC-46A5-A734-98E7C6394546}.Debug|Any CPU.Build.0 = Debug|Any CPU
		{28DEE163-A3BC-46A5-A734-98E7C6394546}.Release|Any CPU.ActiveCfg = Release|Any CPU
		{28DEE163-A3BC-46A5-A734-98E7C6394546}.Release|Any CPU.Build.0 = Release|Any CPU
		{9EFE855A-4975-4501-8FB0-2DE273738011}.Debug|Any CPU.ActiveCfg = Debug|Any CPU
		{9EFE855A-4975-4501-8FB0-2DE273738011}.Debug|Any CPU.Build.0 = Debug|Any CPU
		{9EFE855A-4975-4501-8FB0-2DE273738011}.Release|Any CPU.ActiveCfg = Release|Any CPU
		{9EFE855A-4975-4501-8FB0-2DE273738011}.Release|Any CPU.Build.0 = Release|Any CPU
		{FA8EE438-8B18-42C3-A27A-897FC579C5EA}.Debug|Any CPU.ActiveCfg = Debug|Any CPU
		{FA8EE438-8B18-42C3-A27A-897FC579C5EA}.Debug|Any CPU.Build.0 = Debug|Any CPU
		{FA8EE438-8B18-42C3-A27A-897FC579C5EA}.Release|Any CPU.ActiveCfg = Release|Any CPU
		{FA8EE438-8B18-42C3-A27A-897FC579C5EA}.Release|Any CPU.Build.0 = Release|Any CPU
		{CB350595-265D-423D-8B17-E5F605788A15}.Debug|Any CPU.ActiveCfg = Debug|Any CPU
		{CB350595-265D-423D-8B17-E5F605788A15}.Debug|Any CPU.Build.0 = Debug|Any CPU
		{CB350595-265D-423D-8B17-E5F605788A15}.Release|Any CPU.ActiveCfg = Release|Any CPU
		{CB350595-265D-423D-8B17-E5F605788A15}.Release|Any CPU.Build.0 = Release|Any CPU
		{AA3010A1-0A9B-4E92-BE00-D19A760D1948}.Debug|Any CPU.ActiveCfg = Debug|Any CPU
		{AA3010A1-0A9B-4E92-BE00-D19A760D1948}.Debug|Any CPU.Build.0 = Debug|Any CPU
		{AA3010A1-0A9B-4E92-BE00-D19A760D1948}.Release|Any CPU.ActiveCfg = Release|Any CPU
		{AA3010A1-0A9B-4E92-BE00-D19A760D1948}.Release|Any CPU.Build.0 = Release|Any CPU
		{DE22BA7E-5D93-4BEA-84E9-51B212E09380}.Debug|Any CPU.ActiveCfg = Debug|Any CPU
		{DE22BA7E-5D93-4BEA-84E9-51B212E09380}.Debug|Any CPU.Build.0 = Debug|Any CPU
		{DE22BA7E-5D93-4BEA-84E9-51B212E09380}.Release|Any CPU.ActiveCfg = Release|Any CPU
		{DE22BA7E-5D93-4BEA-84E9-51B212E09380}.Release|Any CPU.Build.0 = Release|Any CPU
		{2BFACDC3-F44D-4199-8498-F5C3C4AC0335}.Debug|Any CPU.ActiveCfg = Debug|Any CPU
		{2BFACDC3-F44D-4199-8498-F5C3C4AC0335}.Debug|Any CPU.Build.0 = Debug|Any CPU
		{2BFACDC3-F44D-4199-8498-F5C3C4AC0335}.Release|Any CPU.ActiveCfg = Release|Any CPU
		{2BFACDC3-F44D-4199-8498-F5C3C4AC0335}.Release|Any CPU.Build.0 = Release|Any CPU
		{E461C0A8-8900-485C-B520-E929BA33F712}.Debug|Any CPU.ActiveCfg = Debug|Any CPU
		{E461C0A8-8900-485C-B520-E929BA33F712}.Debug|Any CPU.Build.0 = Debug|Any CPU
		{E461C0A8-8900-485C-B520-E929BA33F712}.Release|Any CPU.ActiveCfg = Release|Any CPU
		{E461C0A8-8900-485C-B520-E929BA33F712}.Release|Any CPU.Build.0 = Release|Any CPU
		{5BB2ACC8-4C43-43CC-A47F-F0FDB5586461}.Debug|Any CPU.ActiveCfg = Debug|Any CPU
		{5BB2ACC8-4C43-43CC-A47F-F0FDB5586461}.Debug|Any CPU.Build.0 = Debug|Any CPU
		{5BB2ACC8-4C43-43CC-A47F-F0FDB5586461}.Release|Any CPU.ActiveCfg = Release|Any CPU
		{5BB2ACC8-4C43-43CC-A47F-F0FDB5586461}.Release|Any CPU.Build.0 = Release|Any CPU
		{451FDDD7-F23E-4732-8F16-76D5798D8772}.Debug|Any CPU.ActiveCfg = Debug|Any CPU
		{451FDDD7-F23E-4732-8F16-76D5798D8772}.Debug|Any CPU.Build.0 = Debug|Any CPU
		{451FDDD7-F23E-4732-8F16-76D5798D8772}.Release|Any CPU.ActiveCfg = Release|Any CPU
		{451FDDD7-F23E-4732-8F16-76D5798D8772}.Release|Any CPU.Build.0 = Release|Any CPU
		{481CC2B7-83E8-4037-BEFF-0EE93EA1A008}.Debug|Any CPU.ActiveCfg = Debug|Any CPU
		{481CC2B7-83E8-4037-BEFF-0EE93EA1A008}.Debug|Any CPU.Build.0 = Debug|Any CPU
		{481CC2B7-83E8-4037-BEFF-0EE93EA1A008}.Release|Any CPU.ActiveCfg = Release|Any CPU
		{481CC2B7-83E8-4037-BEFF-0EE93EA1A008}.Release|Any CPU.Build.0 = Release|Any CPU
		{47FCE103-6211-4E9B-BA39-984A7D263880}.Debug|Any CPU.ActiveCfg = Debug|Any CPU
		{47FCE103-6211-4E9B-BA39-984A7D263880}.Debug|Any CPU.Build.0 = Debug|Any CPU
		{47FCE103-6211-4E9B-BA39-984A7D263880}.Release|Any CPU.ActiveCfg = Release|Any CPU
		{47FCE103-6211-4E9B-BA39-984A7D263880}.Release|Any CPU.Build.0 = Release|Any CPU
		{05419A87-C2F3-497E-BB1F-4D8146B25FA2}.Debug|Any CPU.ActiveCfg = Debug|Any CPU
		{05419A87-C2F3-497E-BB1F-4D8146B25FA2}.Debug|Any CPU.Build.0 = Debug|Any CPU
		{05419A87-C2F3-497E-BB1F-4D8146B25FA2}.Release|Any CPU.ActiveCfg = Release|Any CPU
		{05419A87-C2F3-497E-BB1F-4D8146B25FA2}.Release|Any CPU.Build.0 = Release|Any CPU
		{E31EFA7B-DCBC-4678-89EA-E5CCEAD8599A}.Debug|Any CPU.ActiveCfg = Debug|Any CPU
		{E31EFA7B-DCBC-4678-89EA-E5CCEAD8599A}.Debug|Any CPU.Build.0 = Debug|Any CPU
		{E31EFA7B-DCBC-4678-89EA-E5CCEAD8599A}.Release|Any CPU.ActiveCfg = Release|Any CPU
		{E31EFA7B-DCBC-4678-89EA-E5CCEAD8599A}.Release|Any CPU.Build.0 = Release|Any CPU
		{85180BA6-7ECD-41D0-B2CC-254CD3728765}.Debug|Any CPU.ActiveCfg = Debug|Any CPU
		{85180BA6-7ECD-41D0-B2CC-254CD3728765}.Debug|Any CPU.Build.0 = Debug|Any CPU
		{85180BA6-7ECD-41D0-B2CC-254CD3728765}.Release|Any CPU.ActiveCfg = Release|Any CPU
		{85180BA6-7ECD-41D0-B2CC-254CD3728765}.Release|Any CPU.Build.0 = Release|Any CPU
		{090F96AC-939F-40CC-9ABE-745FC695F15F}.Debug|Any CPU.ActiveCfg = Debug|Any CPU
		{090F96AC-939F-40CC-9ABE-745FC695F15F}.Debug|Any CPU.Build.0 = Debug|Any CPU
		{090F96AC-939F-40CC-9ABE-745FC695F15F}.Release|Any CPU.ActiveCfg = Release|Any CPU
		{090F96AC-939F-40CC-9ABE-745FC695F15F}.Release|Any CPU.Build.0 = Release|Any CPU
		{F5DC095C-136C-4A29-B23D-DA36FD43D04F}.Debug|Any CPU.ActiveCfg = Debug|Any CPU
		{F5DC095C-136C-4A29-B23D-DA36FD43D04F}.Debug|Any CPU.Build.0 = Debug|Any CPU
		{F5DC095C-136C-4A29-B23D-DA36FD43D04F}.Release|Any CPU.ActiveCfg = Release|Any CPU
		{F5DC095C-136C-4A29-B23D-DA36FD43D04F}.Release|Any CPU.Build.0 = Release|Any CPU
		{DB37E61D-F3C2-4DBC-BDDB-32141D1F6037}.Debug|Any CPU.ActiveCfg = Debug|Any CPU
		{DB37E61D-F3C2-4DBC-BDDB-32141D1F6037}.Debug|Any CPU.Build.0 = Debug|Any CPU
		{DB37E61D-F3C2-4DBC-BDDB-32141D1F6037}.Release|Any CPU.ActiveCfg = Release|Any CPU
		{DB37E61D-F3C2-4DBC-BDDB-32141D1F6037}.Release|Any CPU.Build.0 = Release|Any CPU
		{04CDD6F6-CABA-4ECE-B792-7CF50B398F8C}.Debug|Any CPU.ActiveCfg = Debug|Any CPU
		{04CDD6F6-CABA-4ECE-B792-7CF50B398F8C}.Debug|Any CPU.Build.0 = Debug|Any CPU
		{04CDD6F6-CABA-4ECE-B792-7CF50B398F8C}.Release|Any CPU.ActiveCfg = Release|Any CPU
		{04CDD6F6-CABA-4ECE-B792-7CF50B398F8C}.Release|Any CPU.Build.0 = Release|Any CPU
	EndGlobalSection
	GlobalSection(SolutionProperties) = preSolution
		HideSolutionNode = FALSE
	EndGlobalSection
	GlobalSection(NestedProjects) = preSolution
		{36E29D2D-9235-48B1-8BB0-B2626F7FCB25} = {349E4449-C410-4628-AF12-43CEE94F7038}
		{6A8F2D74-3777-44D8-B6EF-9262321DB0FB} = {349E4449-C410-4628-AF12-43CEE94F7038}
		{C2DCE392-E873-4522-A1D9-86EBC85D0577} = {349E4449-C410-4628-AF12-43CEE94F7038}
		{353FB261-F422-4C74-A5B1-478726F1A646} = {D7E92B81-824B-4F10-A9F1-9BED0C258E39}
		{CBAB4854-2CBD-4EEB-821D-5371592B930C} = {04F35A65-258D-49C8-9C5F-FF9DB499C38D}
		{749768C1-3418-4A9C-B66C-6A1EDF2037B6} = {CBAB4854-2CBD-4EEB-821D-5371592B930C}
		{48BE3379-A992-47C4-903D-BD5547F9CB69} = {04F35A65-258D-49C8-9C5F-FF9DB499C38D}
		{7598A78C-7A40-4005-B5AD-2E276FEC51BF} = {48BE3379-A992-47C4-903D-BD5547F9CB69}
		{724B5100-FEFD-4CD4-BC97-87D876A0048D} = {04F35A65-258D-49C8-9C5F-FF9DB499C38D}
		{DEC30323-2DE1-44AA-98F4-3FF3A04FA098} = {724B5100-FEFD-4CD4-BC97-87D876A0048D}
		{0E519524-96BB-492A-A6D2-C79E05415B41} = {724B5100-FEFD-4CD4-BC97-87D876A0048D}
		{3ED5E610-74B3-4B4F-9B0C-B7E8146C3738} = {724B5100-FEFD-4CD4-BC97-87D876A0048D}
		{F3E75BA7-75CD-4D96-9609-39FA9174E8BB} = {BBA631F1-02E1-4F6C-8853-8D68BA393115}
		{4538E8CA-9C4B-4658-A94C-809FC90E8717} = {BBA631F1-02E1-4F6C-8853-8D68BA393115}
		{D551F69B-548D-4863-845A-7DDD0C2D9372} = {BBA631F1-02E1-4F6C-8853-8D68BA393115}
		{064BA288-6249-4519-8D4D-B2A6598155A0} = {BBA631F1-02E1-4F6C-8853-8D68BA393115}
		{C6C20520-3FBA-4196-BC3E-DBADC333E146} = {064BA288-6249-4519-8D4D-B2A6598155A0}
		{3C658495-C14E-44C0-BAD9-194361097899} = {064BA288-6249-4519-8D4D-B2A6598155A0}
		{161CF517-F980-4547-A7CD-E89CBCB6103D} = {07DD96E0-75D7-4772-A841-3FA4884ADD26}
		{A6840C8A-62D9-40DC-A966-37F0E8E0BA69} = {161CF517-F980-4547-A7CD-E89CBCB6103D}
		{C69497D4-DCED-4B21-85FF-DFD5334A0861} = {07DD96E0-75D7-4772-A841-3FA4884ADD26}
		{D9A81B82-DE31-4FC2-AD7F-7C7A121D0618} = {C69497D4-DCED-4B21-85FF-DFD5334A0861}
		{C2D4F5FA-D952-4B88-AEDC-C4DA6FF483DD} = {07DD96E0-75D7-4772-A841-3FA4884ADD26}
		{34A7E5CA-46D4-4AAA-BFE7-F1F4B56407E7} = {C2D4F5FA-D952-4B88-AEDC-C4DA6FF483DD}
		{9C5E1F92-F3C0-4B1E-A649-873C66E355C3} = {C2D4F5FA-D952-4B88-AEDC-C4DA6FF483DD}
		{DC843731-319F-440D-AE20-D3DF9FD999D3} = {F4823A79-7E73-454A-B538-829620C7E7C2}
		{B4C9A08D-A018-4B99-9130-8ED3EDE6C995} = {DC843731-319F-440D-AE20-D3DF9FD999D3}
		{A1C8FACE-4ABD-4483-A9A7-F833B01F02F6} = {DC843731-319F-440D-AE20-D3DF9FD999D3}
		{28DEE163-A3BC-46A5-A734-98E7C6394546} = {DC843731-319F-440D-AE20-D3DF9FD999D3}
		{9EFE855A-4975-4501-8FB0-2DE273738011} = {DC843731-319F-440D-AE20-D3DF9FD999D3}
		{FA8EE438-8B18-42C3-A27A-897FC579C5EA} = {94236A44-35BE-4248-A320-887A79571413}
		{CB350595-265D-423D-8B17-E5F605788A15} = {94236A44-35BE-4248-A320-887A79571413}
		{5F3508D4-167A-4F51-87A8-2FB81AF46DD6} = {94236A44-35BE-4248-A320-887A79571413}
		{AA3010A1-0A9B-4E92-BE00-D19A760D1948} = {5F3508D4-167A-4F51-87A8-2FB81AF46DD6}
		{DE22BA7E-5D93-4BEA-84E9-51B212E09380} = {5F3508D4-167A-4F51-87A8-2FB81AF46DD6}
		{2BFACDC3-F44D-4199-8498-F5C3C4AC0335} = {E4DD1BCD-74FE-4544-A6C9-0770ED240075}
		{E461C0A8-8900-485C-B520-E929BA33F712} = {E4DD1BCD-74FE-4544-A6C9-0770ED240075}
		{5BB2ACC8-4C43-43CC-A47F-F0FDB5586461} = {31122D04-48D3-40E7-BE80-CA6E40D15DB6}
		{451FDDD7-F23E-4732-8F16-76D5798D8772} = {31122D04-48D3-40E7-BE80-CA6E40D15DB6}
		{481CC2B7-83E8-4037-BEFF-0EE93EA1A008} = {31122D04-48D3-40E7-BE80-CA6E40D15DB6}
		{FC826237-4980-4110-B4A8-ACF0C3256BD3} = {31122D04-48D3-40E7-BE80-CA6E40D15DB6}
		{47FCE103-6211-4E9B-BA39-984A7D263880} = {FC826237-4980-4110-B4A8-ACF0C3256BD3}
		{05419A87-C2F3-497E-BB1F-4D8146B25FA2} = {FC826237-4980-4110-B4A8-ACF0C3256BD3}
		{3415D5C6-69CA-463B-B986-2D669013AFBF} = {424A6260-347B-4B1F-9C2D-AE8F74DC69E6}
		{E31EFA7B-DCBC-4678-89EA-E5CCEAD8599A} = {3415D5C6-69CA-463B-B986-2D669013AFBF}
		{85180BA6-7ECD-41D0-B2CC-254CD3728765} = {3415D5C6-69CA-463B-B986-2D669013AFBF}
		{090F96AC-939F-40CC-9ABE-745FC695F15F} = {3415D5C6-69CA-463B-B986-2D669013AFBF}
		{9F5D18A8-C8E3-4084-B112-6B0233C8DFF1} = {424A6260-347B-4B1F-9C2D-AE8F74DC69E6}
		{F5DC095C-136C-4A29-B23D-DA36FD43D04F} = {9F5D18A8-C8E3-4084-B112-6B0233C8DFF1}
		{DB37E61D-F3C2-4DBC-BDDB-32141D1F6037} = {B1D874E0-13D7-4AED-A7BC-707452BC3BF1}
		{04CDD6F6-CABA-4ECE-B792-7CF50B398F8C} = {E4DD1BCD-74FE-4544-A6C9-0770ED240075}
	EndGlobalSection
	GlobalSection(ExtensibilityGlobals) = postSolution
		SolutionGuid = {30B90AE6-9A07-4866-977C-7584A6513FD6}
	EndGlobalSection
EndGlobal
